
Microsoft Visual Studio Solution File, Format Version 12.00
# Visual Studio Version 16
VisualStudioVersion = 16.0.33529.622
MinimumVisualStudioVersion = 10.0.40219.1
Project("{FAE04EC0-301F-11D3-BF4B-00C04F79EFBC}") = "StructAssignment", "StructAssignment.csproj", "{5B66E764-4326-473C-BA0D-2EF6F354F7F7}"
EndProject
Global
	GlobalSection(SolutionConfigurationPlatforms) = preSolution
		Debug|Any CPU = Debug|Any CPU
		Release|Any CPU = Release|Any CPU
	EndGlobalSection
	GlobalSection(ProjectConfigurationPlatforms) = postSolution
		{5B66E764-4326-473C-BA0D-2EF6F354F7F7}.Debug|Any CPU.ActiveCfg = Debug|Any CPU
		{5B66E764-4326-473C-BA0D-2EF6F354F7F7}.Debug|Any CPU.Build.0 = Debug|Any CPU
		{5B66E764-4326-473C-BA0D-2EF6F354F7F7}.Release|Any CPU.ActiveCfg = Release|Any CPU
		{5B66E764-4326-473C-BA0D-2EF6F354F7F7}.Release|Any CPU.Build.0 = Release|Any CPU
	EndGlobalSection
	GlobalSection(SolutionProperties) = preSolution
		HideSolutionNode = FALSE
	EndGlobalSection
	GlobalSection(ExtensibilityGlobals) = postSolution
		SolutionGuid = {01498A00-FB13-4720-A40E-A27539A8ACEE}
	EndGlobalSection
EndGlobal
