
Microsoft Visual Studio Solution File, Format Version 12.00
# Visual Studio Version 16
VisualStudioVersion = 16.0.33529.622
MinimumVisualStudioVersion = 10.0.40219.1
Project("{FAE04EC0-301F-11D3-BF4B-00C04F79EFBC}") = "WelcomePage", "WelcomePage.csproj", "{1BF00187-DD89-4491-96DD-4DCAB875632F}"
EndProject
Global
	GlobalSection(SolutionConfigurationPlatforms) = preSolution
		Debug|Any CPU = Debug|Any CPU
		Release|Any CPU = Release|Any CPU
	EndGlobalSection
	GlobalSection(ProjectConfigurationPlatforms) = postSolution
		{1BF00187-DD89-4491-96DD-4DCAB875632F}.Debug|Any CPU.ActiveCfg = Debug|Any CPU
		{1BF00187-DD89-4491-96DD-4DCAB875632F}.Debug|Any CPU.Build.0 = Debug|Any CPU
		{1BF00187-DD89-4491-96DD-4DCAB875632F}.Release|Any CPU.ActiveCfg = Release|Any CPU
		{1BF00187-DD89-4491-96DD-4DCAB875632F}.Release|Any CPU.Build.0 = Release|Any CPU
	EndGlobalSection
	GlobalSection(SolutionProperties) = preSolution
		HideSolutionNode = FALSE
	EndGlobalSection
	GlobalSection(ExtensibilityGlobals) = postSolution
		SolutionGuid = {1E36F6EE-E11B-44FF-9B92-4FB3312CF759}
	EndGlobalSection
EndGlobal
