
Microsoft Visual Studio Solution File, Format Version 12.00
# Visual Studio Version 16
VisualStudioVersion = 16.0.33529.622
MinimumVisualStudioVersion = 10.0.40219.1
Project("{FAE04EC0-301F-11D3-BF4B-00C04F79EFBC}") = "ClassMethodAssignment", "ClassMethodAssignment.csproj", "{93F40E2B-5252-42AA-BB18-70730D190BAE}"
EndProject
Global
	GlobalSection(SolutionConfigurationPlatforms) = preSolution
		Debug|Any CPU = Debug|Any CPU
		Release|Any CPU = Release|Any CPU
	EndGlobalSection
	GlobalSection(ProjectConfigurationPlatforms) = postSolution
		{93F40E2B-5252-42AA-BB18-70730D190BAE}.Debug|Any CPU.ActiveCfg = Debug|Any CPU
		{93F40E2B-5252-42AA-BB18-70730D190BAE}.Debug|Any CPU.Build.0 = Debug|Any CPU
		{93F40E2B-5252-42AA-BB18-70730D190BAE}.Release|Any CPU.ActiveCfg = Release|Any CPU
		{93F40E2B-5252-42AA-BB18-70730D190BAE}.Release|Any CPU.Build.0 = Release|Any CPU
	EndGlobalSection
	GlobalSection(SolutionProperties) = preSolution
		HideSolutionNode = FALSE
	EndGlobalSection
	GlobalSection(ExtensibilityGlobals) = postSolution
		SolutionGuid = {F8128C10-471E-49C2-B08B-87686678771F}
	EndGlobalSection
EndGlobal
