
Microsoft Visual Studio Solution File, Format Version 12.00
# Visual Studio Version 16
VisualStudioVersion = 16.0.33529.622
MinimumVisualStudioVersion = 10.0.40219.1
Project("{FAE04EC0-301F-11D3-BF4B-00C04F79EFBC}") = "MainMethodAssignment", "MainMethodAssignment.csproj", "{72F95CDE-F634-4D68-9669-1989BCB0515A}"
EndProject
Global
	GlobalSection(SolutionConfigurationPlatforms) = preSolution
		Debug|Any CPU = Debug|Any CPU
		Release|Any CPU = Release|Any CPU
	EndGlobalSection
	GlobalSection(ProjectConfigurationPlatforms) = postSolution
		{72F95CDE-F634-4D68-9669-1989BCB0515A}.Debug|Any CPU.ActiveCfg = Debug|Any CPU
		{72F95CDE-F634-4D68-9669-1989BCB0515A}.Debug|Any CPU.Build.0 = Debug|Any CPU
		{72F95CDE-F634-4D68-9669-1989BCB0515A}.Release|Any CPU.ActiveCfg = Release|Any CPU
		{72F95CDE-F634-4D68-9669-1989BCB0515A}.Release|Any CPU.Build.0 = Release|Any CPU
	EndGlobalSection
	GlobalSection(SolutionProperties) = preSolution
		HideSolutionNode = FALSE
	EndGlobalSection
	GlobalSection(ExtensibilityGlobals) = postSolution
		SolutionGuid = {443E7CD8-1609-40AE-914B-6EF27623DC93}
	EndGlobalSection
EndGlobal
