
Microsoft Visual Studio Solution File, Format Version 12.00
# Visual Studio Version 16
VisualStudioVersion = 16.0.33529.622
MinimumVisualStudioVersion = 10.0.40219.1
Project("{FAE04EC0-301F-11D3-BF4B-00C04F79EFBC}") = "StudentsMVC", "StudentsMVC.csproj", "{68D8FEB7-6D7A-494F-94E4-78AE112CF7EA}"
EndProject
Global
	GlobalSection(SolutionConfigurationPlatforms) = preSolution
		Debug|Any CPU = Debug|Any CPU
		Release|Any CPU = Release|Any CPU
	EndGlobalSection
	GlobalSection(ProjectConfigurationPlatforms) = postSolution
		{68D8FEB7-6D7A-494F-94E4-78AE112CF7EA}.Debug|Any CPU.ActiveCfg = Debug|Any CPU
		{68D8FEB7-6D7A-494F-94E4-78AE112CF7EA}.Debug|Any CPU.Build.0 = Debug|Any CPU
		{68D8FEB7-6D7A-494F-94E4-78AE112CF7EA}.Release|Any CPU.ActiveCfg = Release|Any CPU
		{68D8FEB7-6D7A-494F-94E4-78AE112CF7EA}.Release|Any CPU.Build.0 = Release|Any CPU
	EndGlobalSection
	GlobalSection(SolutionProperties) = preSolution
		HideSolutionNode = FALSE
	EndGlobalSection
	GlobalSection(ExtensibilityGlobals) = postSolution
		SolutionGuid = {C317C4C9-D878-4714-9C9C-8D5A3528C291}
	EndGlobalSection
EndGlobal
