
Microsoft Visual Studio Solution File, Format Version 12.00
# Visual Studio Version 16
VisualStudioVersion = 16.0.33529.622
MinimumVisualStudioVersion = 10.0.40219.1
Project("{FAE04EC0-301F-11D3-BF4B-00C04F79EFBC}") = "OperatorsAssignment", "OperatorsAssignment.csproj", "{507B5AC7-21DD-4847-8059-B7C6D08D87DA}"
EndProject
Global
	GlobalSection(SolutionConfigurationPlatforms) = preSolution
		Debug|Any CPU = Debug|Any CPU
		Release|Any CPU = Release|Any CPU
	EndGlobalSection
	GlobalSection(ProjectConfigurationPlatforms) = postSolution
		{507B5AC7-21DD-4847-8059-B7C6D08D87DA}.Debug|Any CPU.ActiveCfg = Debug|Any CPU
		{507B5AC7-21DD-4847-8059-B7C6D08D87DA}.Debug|Any CPU.Build.0 = Debug|Any CPU
		{507B5AC7-21DD-4847-8059-B7C6D08D87DA}.Release|Any CPU.ActiveCfg = Release|Any CPU
		{507B5AC7-21DD-4847-8059-B7C6D08D87DA}.Release|Any CPU.Build.0 = Release|Any CPU
	EndGlobalSection
	GlobalSection(SolutionProperties) = preSolution
		HideSolutionNode = FALSE
	EndGlobalSection
	GlobalSection(ExtensibilityGlobals) = postSolution
		SolutionGuid = {90DFCBE3-7426-4858-8F89-03029D2BCE0E}
	EndGlobalSection
EndGlobal
